
Microsoft Visual Studio Solution File, Format Version 12.00
# Visual Studio 15
VisualStudioVersion = 15.0.26124.0
MinimumVisualStudioVersion = 15.0.26124.0
Project("{FAE04EC0-301F-11D3-BF4B-00C04F79EFBC}") = "Domain", "Domain\Domain.csproj", "{A395FDD2-28C0-4327-B3DD-D9FF12C95228}"
EndProject
Project("{FAE04EC0-301F-11D3-BF4B-00C04F79EFBC}") = "Application", "Application\Application.csproj", "{C8628F44-E2A8-4739-A6BD-37E174203F0D}"
EndProject
Project("{FAE04EC0-301F-11D3-BF4B-00C04F79EFBC}") = "Persistence", "Persistence\Persistence.csproj", "{2B29E542-9DE6-4EF6-A85B-088F252A35CC}"
EndProject
Project("{FAE04EC0-301F-11D3-BF4B-00C04F79EFBC}") = "API", "API\API.csproj", "{5687982B-AFF3-4B00-902F-2388385EFAA5}"
EndProject
Global
	GlobalSection(SolutionConfigurationPlatforms) = preSolution
		Debug|Any CPU = Debug|Any CPU
		Debug|x64 = Debug|x64
		Debug|x86 = Debug|x86
		Release|Any CPU = Release|Any CPU
		Release|x64 = Release|x64
		Release|x86 = Release|x86
	EndGlobalSection
	GlobalSection(SolutionProperties) = preSolution
		HideSolutionNode = FALSE
	EndGlobalSection
	GlobalSection(ProjectConfigurationPlatforms) = postSolution
		{A395FDD2-28C0-4327-B3DD-D9FF12C95228}.Debug|Any CPU.ActiveCfg = Debug|Any CPU
		{A395FDD2-28C0-4327-B3DD-D9FF12C95228}.Debug|Any CPU.Build.0 = Debug|Any CPU
		{A395FDD2-28C0-4327-B3DD-D9FF12C95228}.Debug|x64.ActiveCfg = Debug|Any CPU
		{A395FDD2-28C0-4327-B3DD-D9FF12C95228}.Debug|x64.Build.0 = Debug|Any CPU
		{A395FDD2-28C0-4327-B3DD-D9FF12C95228}.Debug|x86.ActiveCfg = Debug|Any CPU
		{A395FDD2-28C0-4327-B3DD-D9FF12C95228}.Debug|x86.Build.0 = Debug|Any CPU
		{A395FDD2-28C0-4327-B3DD-D9FF12C95228}.Release|Any CPU.ActiveCfg = Release|Any CPU
		{A395FDD2-28C0-4327-B3DD-D9FF12C95228}.Release|Any CPU.Build.0 = Release|Any CPU
		{A395FDD2-28C0-4327-B3DD-D9FF12C95228}.Release|x64.ActiveCfg = Release|Any CPU
		{A395FDD2-28C0-4327-B3DD-D9FF12C95228}.Release|x64.Build.0 = Release|Any CPU
		{A395FDD2-28C0-4327-B3DD-D9FF12C95228}.Release|x86.ActiveCfg = Release|Any CPU
		{A395FDD2-28C0-4327-B3DD-D9FF12C95228}.Release|x86.Build.0 = Release|Any CPU
		{C8628F44-E2A8-4739-A6BD-37E174203F0D}.Debug|Any CPU.ActiveCfg = Debug|Any CPU
		{C8628F44-E2A8-4739-A6BD-37E174203F0D}.Debug|Any CPU.Build.0 = Debug|Any CPU
		{C8628F44-E2A8-4739-A6BD-37E174203F0D}.Debug|x64.ActiveCfg = Debug|Any CPU
		{C8628F44-E2A8-4739-A6BD-37E174203F0D}.Debug|x64.Build.0 = Debug|Any CPU
		{C8628F44-E2A8-4739-A6BD-37E174203F0D}.Debug|x86.ActiveCfg = Debug|Any CPU
		{C8628F44-E2A8-4739-A6BD-37E174203F0D}.Debug|x86.Build.0 = Debug|Any CPU
		{C8628F44-E2A8-4739-A6BD-37E174203F0D}.Release|Any CPU.ActiveCfg = Release|Any CPU
		{C8628F44-E2A8-4739-A6BD-37E174203F0D}.Release|Any CPU.Build.0 = Release|Any CPU
		{C8628F44-E2A8-4739-A6BD-37E174203F0D}.Release|x64.ActiveCfg = Release|Any CPU
		{C8628F44-E2A8-4739-A6BD-37E174203F0D}.Release|x64.Build.0 = Release|Any CPU
		{C8628F44-E2A8-4739-A6BD-37E174203F0D}.Release|x86.ActiveCfg = Release|Any CPU
		{C8628F44-E2A8-4739-A6BD-37E174203F0D}.Release|x86.Build.0 = Release|Any CPU
		{2B29E542-9DE6-4EF6-A85B-088F252A35CC}.Debug|Any CPU.ActiveCfg = Debug|Any CPU
		{2B29E542-9DE6-4EF6-A85B-088F252A35CC}.Debug|Any CPU.Build.0 = Debug|Any CPU
		{2B29E542-9DE6-4EF6-A85B-088F252A35CC}.Debug|x64.ActiveCfg = Debug|Any CPU
		{2B29E542-9DE6-4EF6-A85B-088F252A35CC}.Debug|x64.Build.0 = Debug|Any CPU
		{2B29E542-9DE6-4EF6-A85B-088F252A35CC}.Debug|x86.ActiveCfg = Debug|Any CPU
		{2B29E542-9DE6-4EF6-A85B-088F252A35CC}.Debug|x86.Build.0 = Debug|Any CPU
		{2B29E542-9DE6-4EF6-A85B-088F252A35CC}.Release|Any CPU.ActiveCfg = Release|Any CPU
		{2B29E542-9DE6-4EF6-A85B-088F252A35CC}.Release|Any CPU.Build.0 = Release|Any CPU
		{2B29E542-9DE6-4EF6-A85B-088F252A35CC}.Release|x64.ActiveCfg = Release|Any CPU
		{2B29E542-9DE6-4EF6-A85B-088F252A35CC}.Release|x64.Build.0 = Release|Any CPU
		{2B29E542-9DE6-4EF6-A85B-088F252A35CC}.Release|x86.ActiveCfg = Release|Any CPU
		{2B29E542-9DE6-4EF6-A85B-088F252A35CC}.Release|x86.Build.0 = Release|Any CPU
		{5687982B-AFF3-4B00-902F-2388385EFAA5}.Debug|Any CPU.ActiveCfg = Debug|Any CPU
		{5687982B-AFF3-4B00-902F-2388385EFAA5}.Debug|Any CPU.Build.0 = Debug|Any CPU
		{5687982B-AFF3-4B00-902F-2388385EFAA5}.Debug|x64.ActiveCfg = Debug|Any CPU
		{5687982B-AFF3-4B00-902F-2388385EFAA5}.Debug|x64.Build.0 = Debug|Any CPU
		{5687982B-AFF3-4B00-902F-2388385EFAA5}.Debug|x86.ActiveCfg = Debug|Any CPU
		{5687982B-AFF3-4B00-902F-2388385EFAA5}.Debug|x86.Build.0 = Debug|Any CPU
		{5687982B-AFF3-4B00-902F-2388385EFAA5}.Release|Any CPU.ActiveCfg = Release|Any CPU
		{5687982B-AFF3-4B00-902F-2388385EFAA5}.Release|Any CPU.Build.0 = Release|Any CPU
		{5687982B-AFF3-4B00-902F-2388385EFAA5}.Release|x64.ActiveCfg = Release|Any CPU
		{5687982B-AFF3-4B00-902F-2388385EFAA5}.Release|x64.Build.0 = Release|Any CPU
		{5687982B-AFF3-4B00-902F-2388385EFAA5}.Release|x86.ActiveCfg = Release|Any CPU
		{5687982B-AFF3-4B00-902F-2388385EFAA5}.Release|x86.Build.0 = Release|Any CPU
	EndGlobalSection
EndGlobal
